# This file is automatically @generated by Poetry 2.1.2 and should not be changed by hand.

[[package]]
name = "aioesphomeapi"
version = "30.1.0"
description = "Python API for interacting with ESPHome devices."
optional = false
python-versions = ">=3.9"
groups = ["main"]
files = [
    {file = "aioesphomeapi-30.1.0-cp310-cp310-macosx_10_9_x86_64.whl", hash = "sha256:e298270bca2fa99c82203f14d2782e5c28deedecafb744dc47db28157d5d551c"},
    {file = "aioesphomeapi-30.1.0-cp310-cp310-macosx_11_0_arm64.whl", hash = "sha256:2b92cc5ad67fe7b6ae7e402d066183d5f57b2428391b3f7a6c24ddc7e7f93a2f"},
    {file = "aioesphomeapi-30.1.0-cp310-cp310-manylinux_2_17_aarch64.manylinux2014_aarch64.whl", hash = "sha256:14d6d2dac05aaad45875a521bcb7007163f702a280870994324fe799a18d0757"},
    {file = "aioesphomeapi-30.1.0-cp310-cp310-manylinux_2_17_armv7l.manylinux2014_armv7l.manylinux_2_31_armv7l.whl", hash = "sha256:088d3fec1e61139e1107503f0b6561211c43dbc28218e013c6d639187c454a7a"},
    {file = "aioesphomeapi-30.1.0-cp310-cp310-manylinux_2_17_x86_64.manylinux2014_x86_64.whl", hash = "sha256:a33911d579e8a68df5c0419116acef4f6ebbb0e75f170504ff9b13189da7a868"},
    {file = "aioesphomeapi-30.1.0-cp310-cp310-manylinux_2_5_i686.manylinux1_i686.manylinux_2_17_i686.manylinux2014_i686.whl", hash = "sha256:bff32604388a878702919b7cd01e224b2a9f333ac056721073d802994462ea98"},
    {file = "aioesphomeapi-30.1.0-cp310-cp310-musllinux_1_2_aarch64.whl", hash = "sha256:e53dcf0813694edce8fcf1627ffd3d15e45314a902d91e32e8fef5e5bb1486f9"},
    {file = "aioesphomeapi-30.1.0-cp310-cp310-musllinux_1_2_armv7l.whl", hash = "sha256:db2957d4759c9e173e4b062e9ce0f1bf9d5885bb00a67fc450a2f83de41ff65a"},
    {file = "aioesphomeapi-30.1.0-cp310-cp310-musllinux_1_2_i686.whl", hash = "sha256:fd85a2fab853782f587f8eaa13da5c83f1e0949fd061264569799bf24126ab4a"},
    {file = "aioesphomeapi-30.1.0-cp310-cp310-musllinux_1_2_x86_64.whl", hash = "sha256:5b47ed8d390afceb524f307e229374ceafa92c3916ba7dd98d738560693ab07a"},
    {file = "aioesphomeapi-30.1.0-cp311-cp311-macosx_10_9_x86_64.whl", hash = "sha256:cb1ce4d6f5dfa82469020660f98d2cc468e86615ab353ea615f1a1fb2464987a"},
    {file = "aioesphomeapi-30.1.0-cp311-cp311-macosx_11_0_arm64.whl", hash = "sha256:a856c5276419594f17a6b4fce796464753e515a37fd82df0ff957bc5768a88bf"},
    {file = "aioesphomeapi-30.1.0-cp311-cp311-manylinux_2_17_aarch64.manylinux2014_aarch64.whl", hash = "sha256:cc661c5e3c9c77160124f279a9941cf7c19fd82f2fa9920d5ce0e6419966a495"},
    {file = "aioesphomeapi-30.1.0-cp311-cp311-manylinux_2_17_armv7l.manylinux2014_armv7l.manylinux_2_31_armv7l.whl", hash = "sha256:9c872bd88268cdf8092d28323727a7ac68a2ccf5a030d9fc61b6a5cf237118f7"},
    {file = "aioesphomeapi-30.1.0-cp311-cp311-manylinux_2_17_x86_64.manylinux2014_x86_64.whl", hash = "sha256:4b5eb21bc85958e6ca8eac5249d75f007f964b576b5693a069a155764f76fe25"},
    {file = "aioesphomeapi-30.1.0-cp311-cp311-manylinux_2_5_i686.manylinux1_i686.manylinux_2_17_i686.manylinux2014_i686.whl", hash = "sha256:b653524d5ee2ca97fe00022fbcb2c8fca35567a7086dda59d589c2bc506fbc92"},
    {file = "aioesphomeapi-30.1.0-cp311-cp311-musllinux_1_2_aarch64.whl", hash = "sha256:45d8c27274a3b3203518f278e8f82656e89c64c1c8207ca8cbf56623eccf9eca"},
    {file = "aioesphomeapi-30.1.0-cp311-cp311-musllinux_1_2_armv7l.whl", hash = "sha256:d96cc79371c5091408995be475ecf3e5641536bf0073db7784c616acad86b527"},
    {file = "aioesphomeapi-30.1.0-cp311-cp311-musllinux_1_2_i686.whl", hash = "sha256:85cf38a499a1c8d85793ef6d0df50c951ef3f681d146120cb8ae8af0c6e8582a"},
    {file = "aioesphomeapi-30.1.0-cp311-cp311-musllinux_1_2_x86_64.whl", hash = "sha256:2bd342ea30af2d83a1c8e26691d6c18cecfe6e50283d28b7a103ce78acbd47bd"},
    {file = "aioesphomeapi-30.1.0-cp312-cp312-macosx_10_13_x86_64.whl", hash = "sha256:92e317db29568a538c7e125ace4691cfa65994fcb32d01ad0e7b723c941a51c4"},
    {file = "aioesphomeapi-30.1.0-cp312-cp312-macosx_11_0_arm64.whl", hash = "sha256:40e60d8f17533310480a53dc0933e6bf3ea002d9cf6b389e71d21fea215fb406"},
    {file = "aioesphomeapi-30.1.0-cp312-cp312-manylinux_2_17_aarch64.manylinux2014_aarch64.whl", hash = "sha256:ca3958aa32bd9919d7bf547062830fa40db97de6416a8df13796ab37bee06530"},
    {file = "aioesphomeapi-30.1.0-cp312-cp312-manylinux_2_17_armv7l.manylinux2014_armv7l.manylinux_2_31_armv7l.whl", hash = "sha256:bd1cd77dae1bee2ebf14a05c02810777539b73a92d1418c692617fe120c06f87"},
    {file = "aioesphomeapi-30.1.0-cp312-cp312-manylinux_2_17_x86_64.manylinux2014_x86_64.whl", hash = "sha256:6b24dc6ed5f172a5eabe0735562f833c92d21a273d57fe2556c27f7fc4255316"},
    {file = "aioesphomeapi-30.1.0-cp312-cp312-manylinux_2_5_i686.manylinux1_i686.manylinux_2_17_i686.manylinux2014_i686.whl", hash = "sha256:4485b79f5bba71520a24f154cc71c314b931cb6a7732cd00f38fba4aacaf7ef4"},
    {file = "aioesphomeapi-30.1.0-cp312-cp312-musllinux_1_2_aarch64.whl", hash = "sha256:63a7ac81a7a0c34f377eed52b4e11b24cc47e36e5c821180ef1955f7de37d6f8"},
    {file = "aioesphomeapi-30.1.0-cp312-cp312-musllinux_1_2_armv7l.whl", hash = "sha256:be65e26ac824601bd174c3b6ec36c345f276590e0775bcb30f36ce5f341cc167"},
    {file = "aioesphomeapi-30.1.0-cp312-cp312-musllinux_1_2_i686.whl", hash = "sha256:5ccedf392fb6e3989645c590659db32c59a7876ce28eff837d2d4cb98071cf8a"},
    {file = "aioesphomeapi-30.1.0-cp312-cp312-musllinux_1_2_x86_64.whl", hash = "sha256:ca40315b7f2fd8a76560786135aa2d0793e1eecb5830498950993ea32b6bfb40"},
    {file = "aioesphomeapi-30.1.0-cp313-cp313-macosx_10_13_x86_64.whl", hash = "sha256:4e009a3522031b7211f64a3385d7bcdc48c78a6450ba1ad2bc811a088b675c81"},
    {file = "aioesphomeapi-30.1.0-cp313-cp313-macosx_11_0_arm64.whl", hash = "sha256:ed01c3d88222c2594a7027dc3064a79565d9a1899e11448507403332f6e3b967"},
    {file = "aioesphomeapi-30.1.0-cp313-cp313-manylinux_2_17_aarch64.manylinux2014_aarch64.whl", hash = "sha256:8d0ad3d0f830399dcdfada44f63e0c10f78ae486c4bc5d9b35caeafd20da96a0"},
    {file = "aioesphomeapi-30.1.0-cp313-cp313-manylinux_2_17_armv7l.manylinux2014_armv7l.manylinux_2_31_armv7l.whl", hash = "sha256:8b9ae34cab262d5a9139cabb8d77649cde2e3fb166f51b3dc6f5c94d5be25092"},
    {file = "aioesphomeapi-30.1.0-cp313-cp313-manylinux_2_17_x86_64.manylinux2014_x86_64.whl", hash = "sha256:6bc5193fbfbed599934c9b478ca6f4b4d7d18cb25ccdcf7114c48067aab407fd"},
    {file = "aioesphomeapi-30.1.0-cp313-cp313-manylinux_2_5_i686.manylinux1_i686.manylinux_2_17_i686.manylinux2014_i686.whl", hash = "sha256:17bb4dd10e80d57c250d43cc079097b0916966374ea33cbc02069c9036365300"},
    {file = "aioesphomeapi-30.1.0-cp313-cp313-musllinux_1_2_aarch64.whl", hash = "sha256:cea9ae7caf4e41a0f813d39fefb797dd2e9b094f7918642831bbee2e4f691fbb"},
    {file = "aioesphomeapi-30.1.0-cp313-cp313-musllinux_1_2_armv7l.whl", hash = "sha256:5442a01a3e90417648a4175013d802053d6dfa8542fe1b6b477dcc6b51a6a14c"},
    {file = "aioesphomeapi-30.1.0-cp313-cp313-musllinux_1_2_i686.whl", hash = "sha256:aebc9cb9db74f912cd4eb50963f8bf78f2d6e0fd4061f9c1b4ce41818f13e78c"},
    {file = "aioesphomeapi-30.1.0-cp313-cp313-musllinux_1_2_x86_64.whl", hash = "sha256:af1ae388007d4ef11c16dc93dd8e4c942a6f375334a7671f3189202b6fd3b711"},
    {file = "aioesphomeapi-30.1.0-cp39-cp39-macosx_10_9_x86_64.whl", hash = "sha256:9948e851e4a317fda91071147f7574ddbab1d7929a4c08d98316105803e9fafb"},
    {file = "aioesphomeapi-30.1.0-cp39-cp39-macosx_11_0_arm64.whl", hash = "sha256:11b476ac5b4b57c27fad992569051fbbb1020d4df04f55ea96c4690dc37c981b"},
    {file = "aioesphomeapi-30.1.0-cp39-cp39-manylinux_2_17_aarch64.manylinux2014_aarch64.whl", hash = "sha256:fc3a2fe5c1ca089ff40f7c59785f7e11159d70ef9f78f6aa5fcf0cc2258efcf4"},
    {file = "aioesphomeapi-30.1.0-cp39-cp39-manylinux_2_17_armv7l.manylinux2014_armv7l.manylinux_2_31_armv7l.whl", hash = "sha256:87970050b0406a8b54987ed61aa7ef4ba654ec59e1d8a8557ffb89a793540b4d"},
    {file = "aioesphomeapi-30.1.0-cp39-cp39-manylinux_2_17_x86_64.manylinux2014_x86_64.whl", hash = "sha256:9c8abaa12c86be7f3f17cefa1b64e3053c5b1e28c061cbd8b6c37914fedef946"},
    {file = "aioesphomeapi-30.1.0-cp39-cp39-manylinux_2_5_i686.manylinux1_i686.manylinux_2_17_i686.manylinux2014_i686.whl", hash = "sha256:432f106d4bc5d0887accdb548cbe662ec8acbb9846b2eed0ed30ad20eb3e7583"},
    {file = "aioesphomeapi-30.1.0-cp39-cp39-musllinux_1_2_aarch64.whl", hash = "sha256:6d221b027d9256b63e1e0a098ee7f7057afa4fbb5b635a0002c8b68db9e254a9"},
    {file = "aioesphomeapi-30.1.0-cp39-cp39-musllinux_1_2_armv7l.whl", hash = "sha256:e3e221eb43684b4abbe605f4fb79085a5b1fd49f5adb4b3fe755d211fa66730c"},
    {file = "aioesphomeapi-30.1.0-cp39-cp39-musllinux_1_2_i686.whl", hash = "sha256:4ae56d1d92fde15984d56fd436b4b90a3cf6a805e397cf10f0ed0ade293cfc3c"},
    {file = "aioesphomeapi-30.1.0-cp39-cp39-musllinux_1_2_x86_64.whl", hash = "sha256:537dc07c4926265fb56f3830715293f7f5e3615d1f75f0ace94ea3fdaa640b7c"},
    {file = "aioesphomeapi-30.1.0.tar.gz", hash = "sha256:1503e02c40ac2e387a9907433b5f132375a018e71edab0342255336cca87b349"},
]

[package.dependencies]
aiohappyeyeballs = ">=2.3.0"
async-interrupt = ">=1.2.0"
chacha20poly1305-reuseable = ">=0.13.2"
cryptography = ">=43.0.0"
noiseprotocol = ">=0.3.1,<1.0"
protobuf = ">=4"
zeroconf = ">=0.143.0,<1.0"

[[package]]
name = "aiohappyeyeballs"
version = "2.6.1"
description = "Happy Eyeballs for asyncio"
optional = false
python-versions = ">=3.9"
groups = ["main"]
files = [
    {file = "aiohappyeyeballs-2.6.1-py3-none-any.whl", hash = "sha256:f349ba8f4b75cb25c99c5c2d84e997e485204d2902a9597802b0371f09331fb8"},
    {file = "aiohappyeyeballs-2.6.1.tar.gz", hash = "sha256:c3f9d0113123803ccadfdf3f0faa505bc78e6a72d1cc4806cbd719826e943558"},
]

[[package]]
name = "async-interrupt"
version = "1.2.2"
description = "Context manager to raise an exception when a future is done"
optional = false
python-versions = ">=3.9"
groups = ["main"]
files = [
    {file = "async_interrupt-1.2.2-py3-none-any.whl", hash = "sha256:0a8deb884acfb5fe55188a693ae8a4381bbbd2cb6e670dac83869489513eec2c"},
    {file = "async_interrupt-1.2.2.tar.gz", hash = "sha256:be4331a029b8625777905376a6dc1370984c8c810f30b79703f3ee039d262bf7"},
]

[[package]]
name = "cffi"
version = "1.17.1"
description = "Foreign Function Interface for Python calling C code."
optional = false
python-versions = ">=3.8"
groups = ["main"]
markers = "platform_python_implementation != \"PyPy\""
files = [
    {file = "cffi-1.17.1-cp310-cp310-macosx_10_9_x86_64.whl", hash = "sha256:df8b1c11f177bc2313ec4b2d46baec87a5f3e71fc8b45dab2ee7cae86d9aba14"},
    {file = "cffi-1.17.1-cp310-cp310-macosx_11_0_arm64.whl", hash = "sha256:8f2cdc858323644ab277e9bb925ad72ae0e67f69e804f4898c070998d50b1a67"},
    {file = "cffi-1.17.1-cp310-cp310-manylinux_2_12_i686.manylinux2010_i686.manylinux_2_17_i686.manylinux2014_i686.whl", hash = "sha256:edae79245293e15384b51f88b00613ba9f7198016a5948b5dddf4917d4d26382"},
    {file = "cffi-1.17.1-cp310-cp310-manylinux_2_17_aarch64.manylinux2014_aarch64.whl", hash = "sha256:45398b671ac6d70e67da8e4224a065cec6a93541bb7aebe1b198a61b58c7b702"},
    {file = "cffi-1.17.1-cp310-cp310-manylinux_2_17_ppc64le.manylinux2014_ppc64le.whl", hash = "sha256:ad9413ccdeda48c5afdae7e4fa2192157e991ff761e7ab8fdd8926f40b160cc3"},
    {file = "cffi-1.17.1-cp310-cp310-manylinux_2_17_s390x.manylinux2014_s390x.whl", hash = "sha256:5da5719280082ac6bd9aa7becb3938dc9f9cbd57fac7d2871717b1feb0902ab6"},
    {file = "cffi-1.17.1-cp310-cp310-manylinux_2_17_x86_64.manylinux2014_x86_64.whl", hash = "sha256:2bb1a08b8008b281856e5971307cc386a8e9c5b625ac297e853d36da6efe9c17"},
    {file = "cffi-1.17.1-cp310-cp310-musllinux_1_1_aarch64.whl", hash = "sha256:045d61c734659cc045141be4bae381a41d89b741f795af1dd018bfb532fd0df8"},
    {file = "cffi-1.17.1-cp310-cp310-musllinux_1_1_i686.whl", hash = "sha256:6883e737d7d9e4899a8a695e00ec36bd4e5e4f18fabe0aca0efe0a4b44cdb13e"},
    {file = "cffi-1.17.1-cp310-cp310-musllinux_1_1_x86_64.whl", hash = "sha256:6b8b4a92e1c65048ff98cfe1f735ef8f1ceb72e3d5f0c25fdb12087a23da22be"},
    {file = "cffi-1.17.1-cp310-cp310-win32.whl", hash = "sha256:c9c3d058ebabb74db66e431095118094d06abf53284d9c81f27300d0e0d8bc7c"},
    {file = "cffi-1.17.1-cp310-cp310-win_amd64.whl", hash = "sha256:0f048dcf80db46f0098ccac01132761580d28e28bc0f78ae0d58048063317e15"},
    {file = "cffi-1.17.1-cp311-cp311-macosx_10_9_x86_64.whl", hash = "sha256:a45e3c6913c5b87b3ff120dcdc03f6131fa0065027d0ed7ee6190736a74cd401"},
    {file = "cffi-1.17.1-cp311-cp311-macosx_11_0_arm64.whl", hash = "sha256:30c5e0cb5ae493c04c8b42916e52ca38079f1b235c2f8ae5f4527b963c401caf"},
    {file = "cffi-1.17.1-cp311-cp311-manylinux_2_12_i686.manylinux2010_i686.manylinux_2_17_i686.manylinux2014_i686.whl", hash = "sha256:f75c7ab1f9e4aca5414ed4d8e5c0e303a34f4421f8a0d47a4d019ceff0ab6af4"},
    {file = "cffi-1.17.1-cp311-cp311-manylinux_2_17_aarch64.manylinux2014_aarch64.whl", hash = "sha256:a1ed2dd2972641495a3ec98445e09766f077aee98a1c896dcb4ad0d303628e41"},
    {file = "cffi-1.17.1-cp311-cp311-manylinux_2_17_ppc64le.manylinux2014_ppc64le.whl", hash = "sha256:46bf43160c1a35f7ec506d254e5c890f3c03648a4dbac12d624e4490a7046cd1"},
    {file = "cffi-1.17.1-cp311-cp311-manylinux_2_17_s390x.manylinux2014_s390x.whl", hash = "sha256:a24ed04c8ffd54b0729c07cee15a81d964e6fee0e3d4d342a27b020d22959dc6"},
    {file = "cffi-1.17.1-cp311-cp311-manylinux_2_17_x86_64.manylinux2014_x86_64.whl", hash = "sha256:610faea79c43e44c71e1ec53a554553fa22321b65fae24889706c0a84d4ad86d"},
    {file = "cffi-1.17.1-cp311-cp311-musllinux_1_1_aarch64.whl", hash = "sha256:a9b15d491f3ad5d692e11f6b71f7857e7835eb677955c00cc0aefcd0669adaf6"},
    {file = "cffi-1.17.1-cp311-cp311-musllinux_1_1_i686.whl", hash = "sha256:de2ea4b5833625383e464549fec1bc395c1bdeeb5f25c4a3a82b5a8c756ec22f"},
    {file = "cffi-1.17.1-cp311-cp311-musllinux_1_1_x86_64.whl", hash = "sha256:fc48c783f9c87e60831201f2cce7f3b2e4846bf4d8728eabe54d60700b318a0b"},
    {file = "cffi-1.17.1-cp311-cp311-win32.whl", hash = "sha256:85a950a4ac9c359340d5963966e3e0a94a676bd6245a4b55bc43949eee26a655"},
    {file = "cffi-1.17.1-cp311-cp311-win_amd64.whl", hash = "sha256:caaf0640ef5f5517f49bc275eca1406b0ffa6aa184892812030f04c2abf589a0"},
    {file = "cffi-1.17.1-cp312-cp312-macosx_10_9_x86_64.whl", hash = "sha256:805b4371bf7197c329fcb3ead37e710d1bca9da5d583f5073b799d5c5bd1eee4"},
    {file = "cffi-1.17.1-cp312-cp312-macosx_11_0_arm64.whl", hash = "sha256:733e99bc2df47476e3848417c5a4540522f234dfd4ef3ab7fafdf555b082ec0c"},
    {file = "cffi-1.17.1-cp312-cp312-manylinux_2_12_i686.manylinux2010_i686.manylinux_2_17_i686.manylinux2014_i686.whl", hash = "sha256:1257bdabf294dceb59f5e70c64a3e2f462c30c7ad68092d01bbbfb1c16b1ba36"},
    {file = "cffi-1.17.1-cp312-cp312-manylinux_2_17_aarch64.manylinux2014_aarch64.whl", hash = "sha256:da95af8214998d77a98cc14e3a3bd00aa191526343078b530ceb0bd710fb48a5"},
    {file = "cffi-1.17.1-cp312-cp312-manylinux_2_17_ppc64le.manylinux2014_ppc64le.whl", hash = "sha256:d63afe322132c194cf832bfec0dc69a99fb9bb6bbd550f161a49e9e855cc78ff"},
    {file = "cffi-1.17.1-cp312-cp312-manylinux_2_17_s390x.manylinux2014_s390x.whl", hash = "sha256:f79fc4fc25f1c8698ff97788206bb3c2598949bfe0fef03d299eb1b5356ada99"},
    {file = "cffi-1.17.1-cp312-cp312-manylinux_2_17_x86_64.manylinux2014_x86_64.whl", hash = "sha256:b62ce867176a75d03a665bad002af8e6d54644fad99a3c70905c543130e39d93"},
    {file = "cffi-1.17.1-cp312-cp312-musllinux_1_1_aarch64.whl", hash = "sha256:386c8bf53c502fff58903061338ce4f4950cbdcb23e2902d86c0f722b786bbe3"},
    {file = "cffi-1.17.1-cp312-cp312-musllinux_1_1_x86_64.whl", hash = "sha256:4ceb10419a9adf4460ea14cfd6bc43d08701f0835e979bf821052f1805850fe8"},
    {file = "cffi-1.17.1-cp312-cp312-win32.whl", hash = "sha256:a08d7e755f8ed21095a310a693525137cfe756ce62d066e53f502a83dc550f65"},
    {file = "cffi-1.17.1-cp312-cp312-win_amd64.whl", hash = "sha256:51392eae71afec0d0c8fb1a53b204dbb3bcabcb3c9b807eedf3e1e6ccf2de903"},
    {file = "cffi-1.17.1-cp313-cp313-macosx_10_13_x86_64.whl", hash = "sha256:f3a2b4222ce6b60e2e8b337bb9596923045681d71e5a082783484d845390938e"},
    {file = "cffi-1.17.1-cp313-cp313-macosx_11_0_arm64.whl", hash = "sha256:0984a4925a435b1da406122d4d7968dd861c1385afe3b45ba82b750f229811e2"},
    {file = "cffi-1.17.1-cp313-cp313-manylinux_2_12_i686.manylinux2010_i686.manylinux_2_17_i686.manylinux2014_i686.whl", hash = "sha256:d01b12eeeb4427d3110de311e1774046ad344f5b1a7403101878976ecd7a10f3"},
    {file = "cffi-1.17.1-cp313-cp313-manylinux_2_17_aarch64.manylinux2014_aarch64.whl", hash = "sha256:706510fe141c86a69c8ddc029c7910003a17353970cff3b904ff0686a5927683"},
    {file = "cffi-1.17.1-cp313-cp313-manylinux_2_17_ppc64le.manylinux2014_ppc64le.whl", hash = "sha256:de55b766c7aa2e2a3092c51e0483d700341182f08e67c63630d5b6f200bb28e5"},
    {file = "cffi-1.17.1-cp313-cp313-manylinux_2_17_s390x.manylinux2014_s390x.whl", hash = "sha256:c59d6e989d07460165cc5ad3c61f9fd8f1b4796eacbd81cee78957842b834af4"},
    {file = "cffi-1.17.1-cp313-cp313-manylinux_2_17_x86_64.manylinux2014_x86_64.whl", hash = "sha256:dd398dbc6773384a17fe0d3e7eeb8d1a21c2200473ee6806bb5e6a8e62bb73dd"},
    {file = "cffi-1.17.1-cp313-cp313-musllinux_1_1_aarch64.whl", hash = "sha256:3edc8d958eb099c634dace3c7e16560ae474aa3803a5df240542b305d14e14ed"},
    {file = "cffi-1.17.1-cp313-cp313-musllinux_1_1_x86_64.whl", hash = "sha256:72e72408cad3d5419375fc87d289076ee319835bdfa2caad331e377589aebba9"},
    {file = "cffi-1.17.1-cp313-cp313-win32.whl", hash = "sha256:e03eab0a8677fa80d646b5ddece1cbeaf556c313dcfac435ba11f107ba117b5d"},
    {file = "cffi-1.17.1-cp313-cp313-win_amd64.whl", hash = "sha256:f6a16c31041f09ead72d69f583767292f750d24913dadacf5756b966aacb3f1a"},
    {file = "cffi-1.17.1-cp38-cp38-macosx_10_9_x86_64.whl", hash = "sha256:636062ea65bd0195bc012fea9321aca499c0504409f413dc88af450b57ffd03b"},
    {file = "cffi-1.17.1-cp38-cp38-manylinux_2_12_i686.manylinux2010_i686.manylinux_2_17_i686.manylinux2014_i686.whl", hash = "sha256:c7eac2ef9b63c79431bc4b25f1cd649d7f061a28808cbc6c47b534bd789ef964"},
    {file = "cffi-1.17.1-cp38-cp38-manylinux_2_17_aarch64.manylinux2014_aarch64.whl", hash = "sha256:e221cf152cff04059d011ee126477f0d9588303eb57e88923578ace7baad17f9"},
    {file = "cffi-1.17.1-cp38-cp38-manylinux_2_17_ppc64le.manylinux2014_ppc64le.whl", hash = "sha256:31000ec67d4221a71bd3f67df918b1f88f676f1c3b535a7eb473255fdc0b83fc"},
    {file = "cffi-1.17.1-cp38-cp38-manylinux_2_17_s390x.manylinux2014_s390x.whl", hash = "sha256:6f17be4345073b0a7b8ea599688f692ac3ef23ce28e5df79c04de519dbc4912c"},
    {file = "cffi-1.17.1-cp38-cp38-manylinux_2_17_x86_64.manylinux2014_x86_64.whl", hash = "sha256:0e2b1fac190ae3ebfe37b979cc1ce69c81f4e4fe5746bb401dca63a9062cdaf1"},
    {file = "cffi-1.17.1-cp38-cp38-win32.whl", hash = "sha256:7596d6620d3fa590f677e9ee430df2958d2d6d6de2feeae5b20e82c00b76fbf8"},
    {file = "cffi-1.17.1-cp38-cp38-win_amd64.whl", hash = "sha256:78122be759c3f8a014ce010908ae03364d00a1f81ab5c7f4a7a5120607ea56e1"},
    {file = "cffi-1.17.1-cp39-cp39-macosx_10_9_x86_64.whl", hash = "sha256:b2ab587605f4ba0bf81dc0cb08a41bd1c0a5906bd59243d56bad7668a6fc6c16"},
    {file = "cffi-1.17.1-cp39-cp39-macosx_11_0_arm64.whl", hash = "sha256:28b16024becceed8c6dfbc75629e27788d8a3f9030691a1dbf9821a128b22c36"},
    {file = "cffi-1.17.1-cp39-cp39-manylinux_2_12_i686.manylinux2010_i686.manylinux_2_17_i686.manylinux2014_i686.whl", hash = "sha256:1d599671f396c4723d016dbddb72fe8e0397082b0a77a4fab8028923bec050e8"},
    {file = "cffi-1.17.1-cp39-cp39-manylinux_2_17_aarch64.manylinux2014_aarch64.whl", hash = "sha256:ca74b8dbe6e8e8263c0ffd60277de77dcee6c837a3d0881d8c1ead7268c9e576"},
    {file = "cffi-1.17.1-cp39-cp39-manylinux_2_17_ppc64le.manylinux2014_ppc64le.whl", hash = "sha256:f7f5baafcc48261359e14bcd6d9bff6d4b28d9103847c9e136694cb0501aef87"},
    {file = "cffi-1.17.1-cp39-cp39-manylinux_2_17_s390x.manylinux2014_s390x.whl", hash = "sha256:98e3969bcff97cae1b2def8ba499ea3d6f31ddfdb7635374834cf89a1a08ecf0"},
    {file = "cffi-1.17.1-cp39-cp39-manylinux_2_17_x86_64.manylinux2014_x86_64.whl", hash = "sha256:cdf5ce3acdfd1661132f2a9c19cac174758dc2352bfe37d98aa7512c6b7178b3"},
    {file = "cffi-1.17.1-cp39-cp39-musllinux_1_1_aarch64.whl", hash = "sha256:9755e4345d1ec879e3849e62222a18c7174d65a6a92d5b346b1863912168b595"},
    {file = "cffi-1.17.1-cp39-cp39-musllinux_1_1_i686.whl", hash = "sha256:f1e22e8c4419538cb197e4dd60acc919d7696e5ef98ee4da4e01d3f8cfa4cc5a"},
    {file = "cffi-1.17.1-cp39-cp39-musllinux_1_1_x86_64.whl", hash = "sha256:c03e868a0b3bc35839ba98e74211ed2b05d2119be4e8a0f224fba9384f1fe02e"},
    {file = "cffi-1.17.1-cp39-cp39-win32.whl", hash = "sha256:e31ae45bc2e29f6b2abd0de1cc3b9d5205aa847cafaecb8af1476a609a2f6eb7"},
    {file = "cffi-1.17.1-cp39-cp39-win_amd64.whl", hash = "sha256:d016c76bdd850f3c626af19b0542c9677ba156e4ee4fccfdd7848803533ef662"},
    {file = "cffi-1.17.1.tar.gz", hash = "sha256:1c39c6016c32bc48dd54561950ebd6836e1670f2ae46128f67cf49e789c52824"},
]

[package.dependencies]
pycparser = "*"

[[package]]
name = "chacha20poly1305-reuseable"
version = "0.13.2"
description = "ChaCha20Poly1305 that is reuseable for asyncio"
optional = false
python-versions = "<4.0,>=3.8"
groups = ["main"]
files = [
    {file = "chacha20poly1305_reuseable-0.13.2-py3-none-any.whl", hash = "sha256:c7dba7c3604a9fa51bcfef9e4bfdaa3bfaadd88b6c5436a27be1c7e9c4081048"},
    {file = "chacha20poly1305_reuseable-0.13.2.tar.gz", hash = "sha256:dd8be876e25dfc51909eb35602b77a76e0d01a364584756ab3fa848e2407e4ec"},
]

[package.dependencies]
cryptography = ">=43.0.0"

[[package]]
name = "colorama"
version = "0.4.6"
description = "Cross-platform colored terminal text."
optional = false
python-versions = "!=3.0.*,!=3.1.*,!=3.2.*,!=3.3.*,!=3.4.*,!=3.5.*,!=3.6.*,>=2.7"
groups = ["main"]
markers = "sys_platform == \"win32\""
files = [
    {file = "colorama-0.4.6-py2.py3-none-any.whl", hash = "sha256:4f1d9991f5acc0ca119f9d443620b77f9d6b33703e51011c16baf57afb285fc6"},
    {file = "colorama-0.4.6.tar.gz", hash = "sha256:08695f5cb7ed6e0531a20572697297273c47b8cae5a63ffc6d6ed5c201be6e44"},
]

[[package]]
name = "cryptography"
version = "44.0.3"
description = "cryptography is a package which provides cryptographic recipes and primitives to Python developers."
optional = false
python-versions = "!=3.9.0,!=3.9.1,>=3.7"
groups = ["main"]
files = [
    {file = "cryptography-44.0.3-cp37-abi3-macosx_10_9_universal2.whl", hash = "sha256:962bc30480a08d133e631e8dfd4783ab71cc9e33d5d7c1e192f0b7c06397bb88"},
    {file = "cryptography-44.0.3-cp37-abi3-manylinux_2_17_aarch64.manylinux2014_aarch64.whl", hash = "sha256:4ffc61e8f3bf5b60346d89cd3d37231019c17a081208dfbbd6e1605ba03fa137"},
    {file = "cryptography-44.0.3-cp37-abi3-manylinux_2_17_x86_64.manylinux2014_x86_64.whl", hash = "sha256:58968d331425a6f9eedcee087f77fd3c927c88f55368f43ff7e0a19891f2642c"},
    {file = "cryptography-44.0.3-cp37-abi3-manylinux_2_28_aarch64.whl", hash = "sha256:e28d62e59a4dbd1d22e747f57d4f00c459af22181f0b2f787ea83f5a876d7c76"},
    {file = "cryptography-44.0.3-cp37-abi3-manylinux_2_28_armv7l.manylinux_2_31_armv7l.whl", hash = "sha256:af653022a0c25ef2e3ffb2c673a50e5a0d02fecc41608f4954176f1933b12359"},
    {file = "cryptography-44.0.3-cp37-abi3-manylinux_2_28_x86_64.whl", hash = "sha256:157f1f3b8d941c2bd8f3ffee0af9b049c9665c39d3da9db2dc338feca5e98a43"},
    {file = "cryptography-44.0.3-cp37-abi3-manylinux_2_34_aarch64.whl", hash = "sha256:c6cd67722619e4d55fdb42ead64ed8843d64638e9c07f4011163e46bc512cf01"},
    {file = "cryptography-44.0.3-cp37-abi3-manylinux_2_34_x86_64.whl", hash = "sha256:b424563394c369a804ecbee9b06dfb34997f19d00b3518e39f83a5642618397d"},
    {file = "cryptography-44.0.3-cp37-abi3-musllinux_1_2_aarch64.whl", hash = "sha256:c91fc8e8fd78af553f98bc7f2a1d8db977334e4eea302a4bfd75b9461c2d8904"},
    {file = "cryptography-44.0.3-cp37-abi3-musllinux_1_2_x86_64.whl", hash = "sha256:25cd194c39fa5a0aa4169125ee27d1172097857b27109a45fadc59653ec06f44"},
    {file = "cryptography-44.0.3-cp37-abi3-win32.whl", hash = "sha256:3be3f649d91cb182c3a6bd336de8b61a0a71965bd13d1a04a0e15b39c3d5809d"},
    {file = "cryptography-44.0.3-cp37-abi3-win_amd64.whl", hash = "sha256:3883076d5c4cc56dbef0b898a74eb6992fdac29a7b9013870b34efe4ddb39a0d"},
    {file = "cryptography-44.0.3-cp39-abi3-macosx_10_9_universal2.whl", hash = "sha256:5639c2b16764c6f76eedf722dbad9a0914960d3489c0cc38694ddf9464f1bb2f"},
    {file = "cryptography-44.0.3-cp39-abi3-manylinux_2_17_aarch64.manylinux2014_aarch64.whl", hash = "sha256:f3ffef566ac88f75967d7abd852ed5f182da252d23fac11b4766da3957766759"},
    {file = "cryptography-44.0.3-cp39-abi3-manylinux_2_17_x86_64.manylinux2014_x86_64.whl", hash = "sha256:192ed30fac1728f7587c6f4613c29c584abdc565d7417c13904708db10206645"},
    {file = "cryptography-44.0.3-cp39-abi3-manylinux_2_28_aarch64.whl", hash = "sha256:7d5fe7195c27c32a64955740b949070f21cba664604291c298518d2e255931d2"},
    {file = "cryptography-44.0.3-cp39-abi3-manylinux_2_28_armv7l.manylinux_2_31_armv7l.whl", hash = "sha256:3f07943aa4d7dad689e3bb1638ddc4944cc5e0921e3c227486daae0e31a05e54"},
    {file = "cryptography-44.0.3-cp39-abi3-manylinux_2_28_x86_64.whl", hash = "sha256:cb90f60e03d563ca2445099edf605c16ed1d5b15182d21831f58460c48bffb93"},
    {file = "cryptography-44.0.3-cp39-abi3-manylinux_2_34_aarch64.whl", hash = "sha256:ab0b005721cc0039e885ac3503825661bd9810b15d4f374e473f8c89b7d5460c"},
    {file = "cryptography-44.0.3-cp39-abi3-manylinux_2_34_x86_64.whl", hash = "sha256:3bb0847e6363c037df8f6ede57d88eaf3410ca2267fb12275370a76f85786a6f"},
    {file = "cryptography-44.0.3-cp39-abi3-musllinux_1_2_aarch64.whl", hash = "sha256:b0cc66c74c797e1db750aaa842ad5b8b78e14805a9b5d1348dc603612d3e3ff5"},
    {file = "cryptography-44.0.3-cp39-abi3-musllinux_1_2_x86_64.whl", hash = "sha256:6866df152b581f9429020320e5eb9794c8780e90f7ccb021940d7f50ee00ae0b"},
    {file = "cryptography-44.0.3-cp39-abi3-win32.whl", hash = "sha256:c138abae3a12a94c75c10499f1cbae81294a6f983b3af066390adee73f433028"},
    {file = "cryptography-44.0.3-cp39-abi3-win_amd64.whl", hash = "sha256:5d186f32e52e66994dce4f766884bcb9c68b8da62d61d9d215bfe5fb56d21334"},
    {file = "cryptography-44.0.3-pp310-pypy310_pp73-macosx_10_9_x86_64.whl", hash = "sha256:cad399780053fb383dc067475135e41c9fe7d901a97dd5d9c5dfb5611afc0d7d"},
    {file = "cryptography-44.0.3-pp310-pypy310_pp73-manylinux_2_28_aarch64.whl", hash = "sha256:21a83f6f35b9cc656d71b5de8d519f566df01e660ac2578805ab245ffd8523f8"},
    {file = "cryptography-44.0.3-pp310-pypy310_pp73-manylinux_2_28_x86_64.whl", hash = "sha256:fc3c9babc1e1faefd62704bb46a69f359a9819eb0292e40df3fb6e3574715cd4"},
    {file = "cryptography-44.0.3-pp310-pypy310_pp73-manylinux_2_34_aarch64.whl", hash = "sha256:e909df4053064a97f1e6565153ff8bb389af12c5c8d29c343308760890560aff"},
    {file = "cryptography-44.0.3-pp310-pypy310_pp73-manylinux_2_34_x86_64.whl", hash = "sha256:dad80b45c22e05b259e33ddd458e9e2ba099c86ccf4e88db7bbab4b747b18d06"},
    {file = "cryptography-44.0.3-pp310-pypy310_pp73-win_amd64.whl", hash = "sha256:479d92908277bed6e1a1c69b277734a7771c2b78633c224445b5c60a9f4bc1d9"},
    {file = "cryptography-44.0.3-pp311-pypy311_pp73-macosx_10_9_x86_64.whl", hash = "sha256:896530bc9107b226f265effa7ef3f21270f18a2026bc09fed1ebd7b66ddf6375"},
    {file = "cryptography-44.0.3-pp311-pypy311_pp73-manylinux_2_28_aarch64.whl", hash = "sha256:9b4d4a5dbee05a2c390bf212e78b99434efec37b17a4bff42f50285c5c8c9647"},
    {file = "cryptography-44.0.3-pp311-pypy311_pp73-manylinux_2_28_x86_64.whl", hash = "sha256:02f55fb4f8b79c1221b0961488eaae21015b69b210e18c386b69de182ebb1259"},
    {file = "cryptography-44.0.3-pp311-pypy311_pp73-manylinux_2_34_aarch64.whl", hash = "sha256:dd3db61b8fe5be220eee484a17233287d0be6932d056cf5738225b9c05ef4fff"},
    {file = "cryptography-44.0.3-pp311-pypy311_pp73-manylinux_2_34_x86_64.whl", hash = "sha256:978631ec51a6bbc0b7e58f23b68a8ce9e5f09721940933e9c217068388789fe5"},
    {file = "cryptography-44.0.3-pp311-pypy311_pp73-win_amd64.whl", hash = "sha256:5d20cc348cca3a8aa7312f42ab953a56e15323800ca3ab0706b8cd452a3a056c"},
    {file = "cryptography-44.0.3.tar.gz", hash = "sha256:fe19d8bc5536a91a24a8133328880a41831b6c5df54599a8417b62fe015d3053"},
]

[package.dependencies]
cffi = {version = ">=1.12", markers = "platform_python_implementation != \"PyPy\""}

[package.extras]
docs = ["sphinx (>=5.3.0)", "sphinx-rtd-theme (>=3.0.0) ; python_version >= \"3.8\""]
docstest = ["pyenchant (>=3)", "readme-renderer (>=30.0)", "sphinxcontrib-spelling (>=7.3.1)"]
nox = ["nox (>=2024.4.15)", "nox[uv] (>=2024.3.2) ; python_version >= \"3.8\""]
pep8test = ["check-sdist ; python_version >= \"3.8\"", "click (>=8.0.1)", "mypy (>=1.4)", "ruff (>=0.3.6)"]
sdist = ["build (>=1.0.0)"]
ssh = ["bcrypt (>=3.1.5)"]
test = ["certifi (>=2024)", "cryptography-vectors (==44.0.3)", "pretend (>=0.7)", "pytest (>=7.4.0)", "pytest-benchmark (>=4.0)", "pytest-cov (>=2.10.1)", "pytest-xdist (>=3.5.0)"]
test-randomorder = ["pytest-randomly"]

[[package]]
name = "ifaddr"
version = "0.2.0"
description = "Cross-platform network interface and IP address enumeration library"
optional = false
python-versions = "*"
groups = ["main"]
files = [
    {file = "ifaddr-0.2.0-py3-none-any.whl", hash = "sha256:085e0305cfe6f16ab12d72e2024030f5d52674afad6911bb1eee207177b8a748"},
    {file = "ifaddr-0.2.0.tar.gz", hash = "sha256:cc0cbfcaabf765d44595825fb96a99bb12c79716b73b44330ea38ee2b0c4aed4"},
]

[[package]]
name = "iniconfig"
version = "2.1.0"
description = "brain-dead simple config-ini parsing"
optional = false
python-versions = ">=3.8"
groups = ["main"]
files = [
    {file = "iniconfig-2.1.0-py3-none-any.whl", hash = "sha256:9deba5723312380e77435581c6bf4935c94cbfab9b1ed33ef8d238ea168eb760"},
    {file = "iniconfig-2.1.0.tar.gz", hash = "sha256:3abbd2e30b36733fee78f9c7f7308f2d0050e88f0087fd25c2645f63c773e1c7"},
]

[[package]]
name = "noiseprotocol"
version = "0.3.1"
description = "Implementation of Noise Protocol Framework"
optional = false
python-versions = "~=3.5"
groups = ["main"]
files = [
    {file = "noiseprotocol-0.3.1-py3-none-any.whl", hash = "sha256:2e1a603a38439636cf0ffd8b3e8b12cee27d368a28b41be7dbe568b2abb23111"},
    {file = "noiseprotocol-0.3.1.tar.gz", hash = "sha256:b092a871b60f6a8f07f17950dc9f7098c8fe7d715b049bd4c24ee3752b90d645"},
]

[package.dependencies]
cryptography = ">=2.8"

[[package]]
name = "packaging"
version = "25.0"
description = "Core utilities for Python packages"
optional = false
python-versions = ">=3.8"
groups = ["main"]
files = [
    {file = "packaging-25.0-py3-none-any.whl", hash = "sha256:29572ef2b1f17581046b3a2227d5c611fb25ec70ca1ba8554b24b0e69331a484"},
    {file = "packaging-25.0.tar.gz", hash = "sha256:d443872c98d677bf60f6a1f2f8c1cb748e8fe762d2bf9d3148b5599295b0fc4f"},
]

[[package]]
name = "pluggy"
version = "1.5.0"
description = "plugin and hook calling mechanisms for python"
optional = false
python-versions = ">=3.8"
groups = ["main"]
files = [
    {file = "pluggy-1.5.0-py3-none-any.whl", hash = "sha256:44e1ad92c8ca002de6377e165f3e0f1be63266ab4d554740532335b9d75ea669"},
    {file = "pluggy-1.5.0.tar.gz", hash = "sha256:2cffa88e94fdc978c4c574f15f9e59b7f4201d439195c3715ca9e2486f1d0cf1"},
]

[package.extras]
dev = ["pre-commit", "tox"]
testing = ["pytest", "pytest-benchmark"]

[[package]]
name = "protobuf"
version = "6.30.2"
description = ""
optional = false
python-versions = ">=3.9"
groups = ["main"]
files = [
    {file = "protobuf-6.30.2-cp310-abi3-win32.whl", hash = "sha256:b12ef7df7b9329886e66404bef5e9ce6a26b54069d7f7436a0853ccdeb91c103"},
    {file = "protobuf-6.30.2-cp310-abi3-win_amd64.whl", hash = "sha256:7653c99774f73fe6b9301b87da52af0e69783a2e371e8b599b3e9cb4da4b12b9"},
    {file = "protobuf-6.30.2-cp39-abi3-macosx_10_9_universal2.whl", hash = "sha256:0eb523c550a66a09a0c20f86dd554afbf4d32b02af34ae53d93268c1f73bc65b"},
    {file = "protobuf-6.30.2-cp39-abi3-manylinux2014_aarch64.whl", hash = "sha256:50f32cc9fd9cb09c783ebc275611b4f19dfdfb68d1ee55d2f0c7fa040df96815"},
    {file = "protobuf-6.30.2-cp39-abi3-manylinux2014_x86_64.whl", hash = "sha256:4f6c687ae8efae6cf6093389a596548214467778146b7245e886f35e1485315d"},
    {file = "protobuf-6.30.2-cp39-cp39-win32.whl", hash = "sha256:524afedc03b31b15586ca7f64d877a98b184f007180ce25183d1a5cb230ee72b"},
    {file = "protobuf-6.30.2-cp39-cp39-win_amd64.whl", hash = "sha256:acec579c39c88bd8fbbacab1b8052c793efe83a0a5bd99db4a31423a25c0a0e2"},
    {file = "protobuf-6.30.2-py3-none-any.whl", hash = "sha256:ae86b030e69a98e08c77beab574cbcb9fff6d031d57209f574a5aea1445f4b51"},
    {file = "protobuf-6.30.2.tar.gz", hash = "sha256:35c859ae076d8c56054c25b59e5e59638d86545ed6e2b6efac6be0b6ea3ba048"},
]

[[package]]
name = "pycparser"
version = "2.22"
description = "C parser in Python"
optional = false
python-versions = ">=3.8"
groups = ["main"]
markers = "platform_python_implementation != \"PyPy\""
files = [
    {file = "pycparser-2.22-py3-none-any.whl", hash = "sha256:c3702b6d3dd8c7abc1afa565d7e63d53a1d0bd86cdc24edd75470f4de499cfcc"},
    {file = "pycparser-2.22.tar.gz", hash = "sha256:491c8be9c040f5390f5bf44a5b07752bd07f56edf992381b05c701439eec10f6"},
]

[[package]]
name = "pytest"
version = "8.3.5"
description = "pytest: simple powerful testing with Python"
optional = false
python-versions = ">=3.8"
groups = ["main"]
files = [
    {file = "pytest-8.3.5-py3-none-any.whl", hash = "sha256:c69214aa47deac29fad6c2a4f590b9c4a9fdb16a403176fe154b79c0b4d4d820"},
    {file = "pytest-8.3.5.tar.gz", hash = "sha256:f4efe70cc14e511565ac476b57c279e12a855b11f48f212af1080ef2263d3845"},
]

[package.dependencies]
colorama = {version = "*", markers = "sys_platform == \"win32\""}
iniconfig = "*"
packaging = "*"
pluggy = ">=1.5,<2"

[package.extras]
dev = ["argcomplete", "attrs (>=19.2)", "hypothesis (>=3.56)", "mock", "pygments (>=2.7.2)", "requests", "setuptools", "xmlschema"]

[[package]]
name = "pytest-asyncio"
version = "0.26.0"
description = "Pytest support for asyncio"
optional = false
python-versions = ">=3.9"
groups = ["main"]
files = [
    {file = "pytest_asyncio-0.26.0-py3-none-any.whl", hash = "sha256:7b51ed894f4fbea1340262bdae5135797ebbe21d8638978e35d31c6d19f72fb0"},
    {file = "pytest_asyncio-0.26.0.tar.gz", hash = "sha256:c4df2a697648241ff39e7f0e4a73050b03f123f760673956cf0d72a4990e312f"},
]

[package.dependencies]
pytest = ">=8.2,<9"

[package.extras]
docs = ["sphinx (>=5.3)", "sphinx-rtd-theme (>=1)"]
testing = ["coverage (>=6.2)", "hypothesis (>=5.7.1)"]

[[package]]
name = "zeroconf"
version = "0.146.5"
description = "A pure python implementation of multicast DNS service discovery"
optional = false
python-versions = "<4.0,>=3.9"
groups = ["main"]
files = [
    {file = "zeroconf-0.146.5-cp310-cp310-macosx_10_9_x86_64.whl", hash = "sha256:4159470941e96a31134d4d791215ea47697571e6f4b15236c1792c37d4556cb5"},
    {file = "zeroconf-0.146.5-cp310-cp310-macosx_11_0_arm64.whl", hash = "sha256:bbf8ebb798c3a52cbe73d9ef0ea283396c9b49ae43e36e767b608ecc8aa32114"},
    {file = "zeroconf-0.146.5-cp310-cp310-manylinux_2_17_aarch64.manylinux2014_aarch64.whl", hash = "sha256:256446c0362a9f4229769c1cd8083c42982cd78ee80776d5bdd493d3fb54a3e6"},
    {file = "zeroconf-0.146.5-cp310-cp310-manylinux_2_17_i686.manylinux_2_5_i686.manylinux1_i686.manylinux2014_i686.whl", hash = "sha256:d0e355ca7ae0afd5fe80d9f5e516b3a7e01536d473d4038ba4866b169e86561e"},
    {file = "zeroconf-0.146.5-cp310-cp310-manylinux_2_17_x86_64.manylinux2014_x86_64.whl", hash = "sha256:26a5d4c7cffd986312f1922d4bd05e78d18144b78ae0ecac7d57d6156a478b72"},
    {file = "zeroconf-0.146.5-cp310-cp310-manylinux_2_31_armv7l.manylinux_2_17_armv7l.manylinux2014_armv7l.whl", hash = "sha256:6b77e49fd945bafd311e08666c3064a3916191d37839cd39de5ce1e484110781"},
    {file = "zeroconf-0.146.5-cp310-cp310-musllinux_1_2_aarch64.whl", hash = "sha256:496e8cd80506dec3140fa089a3b80390a157727619e167b699e507721a5e2917"},
    {file = "zeroconf-0.146.5-cp310-cp310-musllinux_1_2_armv7l.whl", hash = "sha256:f2afca514e83ec4b4883be6f2372c5022eab87d516d2e8b935c3c182d16c736c"},
    {file = "zeroconf-0.146.5-cp310-cp310-musllinux_1_2_i686.whl", hash = "sha256:664c553714004cb0b0109f343a43291b4d2b275489b678c2e4efce9bdc6fde9b"},
    {file = "zeroconf-0.146.5-cp310-cp310-musllinux_1_2_x86_64.whl", hash = "sha256:4e9586a3a54d847cae6f922b3c26269d658d616dee5ee0c4e00e058130505a76"},
    {file = "zeroconf-0.146.5-cp310-cp310-win32.whl", hash = "sha256:823a60ceab24d5151f7ac7c23f3c004005a68d32ca71455b22acfffdd115ed39"},
    {file = "zeroconf-0.146.5-cp310-cp310-win_amd64.whl", hash = "sha256:b5b1077b989b3be78847af9ac2cf5edec4dd7a95d0fa965505e955aa2ad9c569"},
    {file = "zeroconf-0.146.5-cp311-cp311-macosx_10_9_x86_64.whl", hash = "sha256:337240b384d4cbc1619082c25b21ed376d7d99ade9002e895fafd19174cfb2a2"},
    {file = "zeroconf-0.146.5-cp311-cp311-macosx_11_0_arm64.whl", hash = "sha256:d5bbd48c5865a8349ceb4889ac48e2bfc1bba292204ef2ffefe0937bbb83f445"},
    {file = "zeroconf-0.146.5-cp311-cp311-manylinux_2_17_aarch64.manylinux2014_aarch64.whl", hash = "sha256:83c50f8e7c296594051b32bc77b44a371b3f184d61b27dc249cadb15de9a738a"},
    {file = "zeroconf-0.146.5-cp311-cp311-manylinux_2_17_i686.manylinux_2_5_i686.manylinux1_i686.manylinux2014_i686.whl", hash = "sha256:17cb0e895b8f1fb5e302b1cf4c404381458da56fb0173d55eea6bcf348e1c9db"},
    {file = "zeroconf-0.146.5-cp311-cp311-manylinux_2_17_x86_64.manylinux2014_x86_64.whl", hash = "sha256:279096620ad94321451bdb220b2af387758450167cc7ca217acc1eab0bf41f5f"},
    {file = "zeroconf-0.146.5-cp311-cp311-manylinux_2_31_armv7l.manylinux_2_17_armv7l.manylinux2014_armv7l.whl", hash = "sha256:2c9cd0da380eed746b4878226b9e4ba36c0fb452152acbc92e7631c7361fd32d"},
    {file = "zeroconf-0.146.5-cp311-cp311-musllinux_1_2_aarch64.whl", hash = "sha256:6a27f691a776204616a130c90c81c3229afc343d5e80f14872e8c3e128961901"},
    {file = "zeroconf-0.146.5-cp311-cp311-musllinux_1_2_armv7l.whl", hash = "sha256:a8fb9a18a6496fb3f8e17dcff953a284bdd873c13d8a9f5845733bb6f877d3a4"},
    {file = "zeroconf-0.146.5-cp311-cp311-musllinux_1_2_i686.whl", hash = "sha256:8ef97cffbb1c6e104ed2f12b22f72a039d172f75ca3dc777d1a875c325e56e03"},
    {file = "zeroconf-0.146.5-cp311-cp311-musllinux_1_2_x86_64.whl", hash = "sha256:2618f1b9c0af15a37e4fc2daaf3ba1aceedf462de9fc95a0d837a8311bd2da6c"},
    {file = "zeroconf-0.146.5-cp311-cp311-win32.whl", hash = "sha256:50f08e53ef93a91006cb0209ed5643ca3ae1c538680c9068216c777237126f26"},
    {file = "zeroconf-0.146.5-cp311-cp311-win_amd64.whl", hash = "sha256:848574d5c2dbb3eebc40d0a06ea26fbfa4545db16f4a6ee41ddf17c7e5197962"},
    {file = "zeroconf-0.146.5-cp312-cp312-macosx_10_13_x86_64.whl", hash = "sha256:899932c1bfce619ccfdd22fdc2cb25a2c9834b42304c0ea48649f481c8823f44"},
    {file = "zeroconf-0.146.5-cp312-cp312-macosx_11_0_arm64.whl", hash = "sha256:38ce0461459b9e1be2f573a41e848f271f4f2d366b5c91687ab8b371a1e96ebc"},
    {file = "zeroconf-0.146.5-cp312-cp312-manylinux_2_17_aarch64.manylinux2014_aarch64.whl", hash = "sha256:270bd20bb0acd82fe57f60f9ea3f0dc09fd593d32e6077b6dc24f27aafdbe2b1"},
    {file = "zeroconf-0.146.5-cp312-cp312-manylinux_2_17_i686.manylinux_2_5_i686.manylinux1_i686.manylinux2014_i686.whl", hash = "sha256:aa899a08ed6b2c9ae193ea8f08117807a4137cc06922b97b86a420fad9a1b3f5"},
    {file = "zeroconf-0.146.5-cp312-cp312-manylinux_2_17_x86_64.manylinux2014_x86_64.whl", hash = "sha256:5c4fa3d21059bfb1ac4745edb104f45830f7b8fc2df79cd149f4f3f53f729f88"},
    {file = "zeroconf-0.146.5-cp312-cp312-manylinux_2_31_armv7l.manylinux_2_17_armv7l.manylinux2014_armv7l.whl", hash = "sha256:af8bdb76c7cd052b239934056fabefe4e39e10724622ef0ec58cc31d3b70f81b"},
    {file = "zeroconf-0.146.5-cp312-cp312-musllinux_1_2_aarch64.whl", hash = "sha256:aaec065481908b2c5da7bd11e2781f0701807669b58038ed8337acd7b8b133b6"},
    {file = "zeroconf-0.146.5-cp312-cp312-musllinux_1_2_armv7l.whl", hash = "sha256:4190d6efbff43fd0b7cd2d8f98e5aae29c336761a95fa1a293f3c03e6263b108"},
    {file = "zeroconf-0.146.5-cp312-cp312-musllinux_1_2_i686.whl", hash = "sha256:6965899e7724d7af1da9a78b21943c0b4963ea2a61f900cf3f65386395818d78"},
    {file = "zeroconf-0.146.5-cp312-cp312-musllinux_1_2_x86_64.whl", hash = "sha256:1fc5d07121d862f788ee1d6bdd5ac71c70ae47a497a7895338e894587d783a4d"},
    {file = "zeroconf-0.146.5-cp312-cp312-win32.whl", hash = "sha256:82eef6cb496bb49e5054cddb4217ce03a569c59953737bc2a149e47ec831bb0d"},
    {file = "zeroconf-0.146.5-cp312-cp312-win_amd64.whl", hash = "sha256:810226c674dc5221d6b58782411894bf9a89bdb85fb7717fed3f894633e17508"},
    {file = "zeroconf-0.146.5-cp313-cp313-macosx_10_13_x86_64.whl", hash = "sha256:f788d2b6cb5d4597f346a54b8a672300db30e8695b97d5d399c2b3d1bdd04cb3"},
    {file = "zeroconf-0.146.5-cp313-cp313-macosx_11_0_arm64.whl", hash = "sha256:2aee2dbab52e06463f39591f05f063a42866270584e2c2794ad8bbd82267127d"},
    {file = "zeroconf-0.146.5-cp313-cp313-manylinux_2_17_aarch64.manylinux2014_aarch64.whl", hash = "sha256:3f27586a97c113a1418a0834e57d9bb1b49cf1693781ee56ab5c683705850fcf"},
    {file = "zeroconf-0.146.5-cp313-cp313-manylinux_2_17_i686.manylinux_2_5_i686.manylinux1_i686.manylinux2014_i686.whl", hash = "sha256:8073e8b3cb2ebd864df30fcc56bde5028678acf57d69a3920d47858704c40d17"},
    {file = "zeroconf-0.146.5-cp313-cp313-manylinux_2_17_x86_64.manylinux2014_x86_64.whl", hash = "sha256:ef34195eb129b0054148affb49b0de17b76a30360cdbba6329b8822b8691b6ad"},
    {file = "zeroconf-0.146.5-cp313-cp313-manylinux_2_31_armv7l.manylinux_2_17_armv7l.manylinux2014_armv7l.whl", hash = "sha256:ebf8256f7ed8958d7a50b33cc65c422ae8de797a6e5ecc9fec7a0d567706774f"},
    {file = "zeroconf-0.146.5-cp313-cp313-manylinux_2_36_x86_64.whl", hash = "sha256:15c43aefaf4ad40fac3b3a9e9507e752a786cdd8d2fd2ad6d265ee750b1076f4"},
    {file = "zeroconf-0.146.5-cp313-cp313-musllinux_1_2_aarch64.whl", hash = "sha256:05782cf0ce72510637ea37a8f2db7d2fc8d35bfb94110d7f8377b371fdec22d0"},
    {file = "zeroconf-0.146.5-cp313-cp313-musllinux_1_2_armv7l.whl", hash = "sha256:bbc061fc0b93d84d1414e08d024ea43efb66b8522e296c6e248efdf24d38eabe"},
    {file = "zeroconf-0.146.5-cp313-cp313-musllinux_1_2_i686.whl", hash = "sha256:90b462109d7175fce02d105cba99c28a7251cbfb20f1df94e51c42717502a3d3"},
    {file = "zeroconf-0.146.5-cp313-cp313-musllinux_1_2_x86_64.whl", hash = "sha256:3acab698b1d14b1243372bff580e31335cd6296b6f526148f812221ab11bc7a0"},
    {file = "zeroconf-0.146.5-cp313-cp313-win32.whl", hash = "sha256:123ea91cb3b0119f314b11c33ed48ac35a1dabe521eb43b5f7c547c1e7d7b97f"},
    {file = "zeroconf-0.146.5-cp313-cp313-win_amd64.whl", hash = "sha256:3888f6cd66a17a5498f6ad86a8da53fab4725b993e13853016b114b553fecbcd"},
    {file = "zeroconf-0.146.5-cp39-cp39-macosx_10_9_x86_64.whl", hash = "sha256:800367514e4a8d439af6f7715f758e9a90e0a72471b54a10f246da94cf4fb894"},
    {file = "zeroconf-0.146.5-cp39-cp39-macosx_11_0_arm64.whl", hash = "sha256:1349e37057a05da44a054d7563a05c477619bf3606adccc3b443ad929fb6f46a"},
    {file = "zeroconf-0.146.5-cp39-cp39-manylinux_2_17_aarch64.manylinux2014_aarch64.whl", hash = "sha256:01b55848eeb10cd9e8e02e9b360dc2fe2dfb6667eefbd03fc7e68a8488c96194"},
    {file = "zeroconf-0.146.5-cp39-cp39-manylinux_2_17_i686.manylinux_2_5_i686.manylinux1_i686.manylinux2014_i686.whl", hash = "sha256:1ac0964ec402184bc8c268d5130d265fa43e13cb7a611c940543f095efb2bdaf"},
    {file = "zeroconf-0.146.5-cp39-cp39-manylinux_2_17_x86_64.manylinux2014_x86_64.whl", hash = "sha256:14059dec6dc840531b12919a21049be3b5230309475fc2b9151539fff9f99092"},
    {file = "zeroconf-0.146.5-cp39-cp39-manylinux_2_31_armv7l.manylinux_2_17_armv7l.manylinux2014_armv7l.whl", hash = "sha256:a5c341e2865437f43a8885bcdc34ce47636173d6f7d2ea30df6542adf23ef3ce"},
    {file = "zeroconf-0.146.5-cp39-cp39-musllinux_1_2_aarch64.whl", hash = "sha256:6bd67ab291e659bbbde8f4c80bc3cb72128eea1af4a1d40bef185c33c6004f7a"},
    {file = "zeroconf-0.146.5-cp39-cp39-musllinux_1_2_armv7l.whl", hash = "sha256:e857074e7824ea79d982408a4d0c4611b3b259683eca6c947f0e0f19cb3fb195"},
    {file = "zeroconf-0.146.5-cp39-cp39-musllinux_1_2_i686.whl", hash = "sha256:a26ed33b147043a37cfb93237a394448aa9fbf859168f3bffa43bda0fc15fd00"},
    {file = "zeroconf-0.146.5-cp39-cp39-musllinux_1_2_x86_64.whl", hash = "sha256:70093679890c923b12a61a4975379811760353fe6c3e24946ab285ea98aa7d55"},
    {file = "zeroconf-0.146.5-cp39-cp39-win32.whl", hash = "sha256:3a669779539d7ed059e489c83f04f2109fdb08a91fcf7a39ac1f5d79b1909ba1"},
    {file = "zeroconf-0.146.5-cp39-cp39-win_amd64.whl", hash = "sha256:f024346a4eb5d0c5e69edb00b2ebcaad1c851a88080dc03a785f8e50c6cd3045"},
    {file = "zeroconf-0.146.5-pp310-pypy310_pp73-macosx_10_15_x86_64.whl", hash = "sha256:fed99b473afea829bec272a939a6f2b72b2280e44b9f75ce78ce0eaa51b24799"},
    {file = "zeroconf-0.146.5-pp310-pypy310_pp73-macosx_11_0_arm64.whl", hash = "sha256:ffac4e2081fe5dbf092f4be5648f38e533b35ea1546bbde24b2c33eea7ec2497"},
    {file = "zeroconf-0.146.5-pp310-pypy310_pp73-manylinux_2_17_aarch64.manylinux2014_aarch64.whl", hash = "sha256:45a0e4c86f44bc184608a78c4d80b05942bc8031e67d0b6be5b16078f3bcb498"},
    {file = "zeroconf-0.146.5-pp310-pypy310_pp73-manylinux_2_17_i686.manylinux_2_5_i686.manylinux1_i686.manylinux2014_i686.whl", hash = "sha256:b7a22d32ba6392c9d4998e8794482106d521ac3ef5a8ad02929ef60bbac3ddd2"},
    {file = "zeroconf-0.146.5-pp310-pypy310_pp73-manylinux_2_17_x86_64.manylinux2014_x86_64.whl", hash = "sha256:9efe43269084ae96039f74f07bf52c5fffc302d11f27d8d02ff6cd1fd09cec5e"},
    {file = "zeroconf-0.146.5-pp310-pypy310_pp73-win_amd64.whl", hash = "sha256:f835cd468aa223122c6c2f952b826c84acd1275d413ac6c8b675627344b69781"},
    {file = "zeroconf-0.146.5-pp311-pypy311_pp73-macosx_10_15_x86_64.whl", hash = "sha256:44ac24d2d9c9aee4a15997f6a90440783a3ca92aae0500c083f80118aca12f20"},
    {file = "zeroconf-0.146.5-pp311-pypy311_pp73-macosx_11_0_arm64.whl", hash = "sha256:b2e7ade1e2d4de8cd477885f3096c27edcb1ab9d6877a8e3bf3dde621b81187b"},
    {file = "zeroconf-0.146.5-pp311-pypy311_pp73-manylinux_2_17_aarch64.manylinux2014_aarch64.whl", hash = "sha256:194b81a03aaa5085aaa4198430cb4c18e60a3ebd468d3ecaee58154e40bd8735"},
    {file = "zeroconf-0.146.5-pp311-pypy311_pp73-manylinux_2_17_i686.manylinux_2_5_i686.manylinux1_i686.manylinux2014_i686.whl", hash = "sha256:9cc2dff7d1ad64bb63aa87f3ec1b314a444fd654b6d44aa4d8e992125196d8f9"},
    {file = "zeroconf-0.146.5-pp311-pypy311_pp73-manylinux_2_17_x86_64.manylinux2014_x86_64.whl", hash = "sha256:28fb1c6404ed9110d171d4aba5a569e39f76d0d9dedd6ba5743ab554aa6ff0e8"},
    {file = "zeroconf-0.146.5-pp311-pypy311_pp73-win_amd64.whl", hash = "sha256:00fe4b177e326bdbfdcb59af84799553c99a69894d68c2f3191f32826eaed882"},
    {file = "zeroconf-0.146.5-pp39-pypy39_pp73-macosx_10_15_x86_64.whl", hash = "sha256:61f3ec9b9d746200e503226af894e8b7614184d685187b277a71f793fbeb16d5"},
    {file = "zeroconf-0.146.5-pp39-pypy39_pp73-macosx_11_0_arm64.whl", hash = "sha256:257eb02013d14e2c99a0ac3e101f072d06fb50f84870858c31e0a3cc86d7e72a"},
    {file = "zeroconf-0.146.5-pp39-pypy39_pp73-manylinux_2_17_aarch64.manylinux2014_aarch64.whl", hash = "sha256:065fa9c9587205f70efc775a1554ce5e24e7efc2446472487c9b1e638d6e029c"},
    {file = "zeroconf-0.146.5-pp39-pypy39_pp73-manylinux_2_17_i686.manylinux_2_5_i686.manylinux1_i686.manylinux2014_i686.whl", hash = "sha256:ff86c12faf369b76c756c2741d4af8f43a66245585cefa2142f1f13e0c840eb6"},
    {file = "zeroconf-0.146.5-pp39-pypy39_pp73-manylinux_2_17_x86_64.manylinux2014_x86_64.whl", hash = "sha256:855a7b247e0bc4e45aa0e7dfe83771cdf8cef6574047c6fc55982dd6634d1499"},
    {file = "zeroconf-0.146.5-pp39-pypy39_pp73-win_amd64.whl", hash = "sha256:1e132e63695f1276c0a89160eb08e771185727ed24cfbced3568834eb4f0dafb"},
    {file = "zeroconf-0.146.5.tar.gz", hash = "sha256:e2907ce4c12b02c0e05082f3e0fce75cbac82deecb53c02ce118d50a594b48a5"},
]

[package.dependencies]
ifaddr = ">=0.1.7"

[metadata]
lock-version = "2.1"
python-versions = ">=3.12,<4.0"
content-hash = "79f796024546930786d12a941287b7c1ff25a0fb28d8bb4465c63b044f8ca78f"
